
Microsoft Visual Studio Solution File, Format Version 12.00
# Visual Studio Version 17
VisualStudioVersion = 17.5.002.0
MinimumVisualStudioVersion = 10.0.40219.1
Project("{9A19103F-16F7-4668-BE54-9A1E7A4F7556}") = "PizzaStore", "PizzaStore.csproj", "{D82F8321-F9C2-452D-9726-29435F43A995}"
EndProject
Global
	GlobalSection(SolutionConfigurationPlatforms) = preSolution
		Debug|Any CPU = Debug|Any CPU
		Release|Any CPU = Release|Any CPU
	EndGlobalSection
	GlobalSection(ProjectConfigurationPlatforms) = postSolution
		{D82F8321-F9C2-452D-9726-29435F43A995}.Debug|Any CPU.ActiveCfg = Debug|Any CPU
		{D82F8321-F9C2-452D-9726-29435F43A995}.Debug|Any CPU.Build.0 = Debug|Any CPU
		{D82F8321-F9C2-452D-9726-29435F43A995}.Release|Any CPU.ActiveCfg = Release|Any CPU
		{D82F8321-F9C2-452D-9726-29435F43A995}.Release|Any CPU.Build.0 = Release|Any CPU
	EndGlobalSection
	GlobalSection(SolutionProperties) = preSolution
		HideSolutionNode = FALSE
	EndGlobalSection
	GlobalSection(ExtensibilityGlobals) = postSolution
		SolutionGuid = {15151C31-7368-447E-8B80-E33F7DF9C67C}
	EndGlobalSection
EndGlobal
