
Microsoft Visual Studio Solution File, Format Version 12.00
# Visual Studio Version 17
VisualStudioVersion = 17.8.34316.72
MinimumVisualStudioVersion = 10.0.40219.1
Project("{FAE04EC0-301F-11D3-BF4B-00C04F79EFBC}") = "LearnMyCalculatorApp", "LearnMyCalculatorApp\LearnMyCalculatorApp.csproj", "{98880085-E009-4D00-8B83-8C0EB8D3E46E}"
EndProject
Project("{FAE04EC0-301F-11D3-BF4B-00C04F79EFBC}") = "LearnMyCalculatorApp.Tests", "LearnMyCalculatorApp.Tests\LearnMyCalculatorApp.Tests.csproj", "{301ABB86-95A4-40A8-858A-99BA65AB48D6}"
EndProject
Global
	GlobalSection(SolutionConfigurationPlatforms) = preSolution
		Debug|Any CPU = Debug|Any CPU
		Release|Any CPU = Release|Any CPU
	EndGlobalSection
	GlobalSection(ProjectConfigurationPlatforms) = postSolution
		{98880085-E009-4D00-8B83-8C0EB8D3E46E}.Debug|Any CPU.ActiveCfg = Debug|Any CPU
		{98880085-E009-4D00-8B83-8C0EB8D3E46E}.Debug|Any CPU.Build.0 = Debug|Any CPU
		{98880085-E009-4D00-8B83-8C0EB8D3E46E}.Release|Any CPU.ActiveCfg = Release|Any CPU
		{98880085-E009-4D00-8B83-8C0EB8D3E46E}.Release|Any CPU.Build.0 = Release|Any CPU
		{301ABB86-95A4-40A8-858A-99BA65AB48D6}.Debug|Any CPU.ActiveCfg = Debug|Any CPU
		{301ABB86-95A4-40A8-858A-99BA65AB48D6}.Debug|Any CPU.Build.0 = Debug|Any CPU
		{301ABB86-95A4-40A8-858A-99BA65AB48D6}.Release|Any CPU.ActiveCfg = Release|Any CPU
		{301ABB86-95A4-40A8-858A-99BA65AB48D6}.Release|Any CPU.Build.0 = Release|Any CPU
	EndGlobalSection
	GlobalSection(SolutionProperties) = preSolution
		HideSolutionNode = FALSE
	EndGlobalSection
	GlobalSection(ExtensibilityGlobals) = postSolution
		SolutionGuid = {2D8EB279-D5B6-45AA-96F3-3287A8AB1482}
	EndGlobalSection
EndGlobal
